
Microsoft Visual Studio Solution File, Format Version 12.00
# Visual Studio Version 17
VisualStudioVersion = 17.11.35222.181
MinimumVisualStudioVersion = 10.0.40219.1
Project("{FAE04EC0-301F-11D3-BF4B-00C04F79EFBC}") = "DemoHooks", "DemoHooks\DemoHooks.csproj", "{A049BB99-2A2A-4811-A7D5-2840F3CBB988}"
EndProject
Global
	GlobalSection(SolutionConfigurationPlatforms) = preSolution
		Debug|Any CPU = Debug|Any CPU
		Release|Any CPU = Release|Any CPU
	EndGlobalSection
	GlobalSection(ProjectConfigurationPlatforms) = postSolution
		{A049BB99-2A2A-4811-A7D5-2840F3CBB988}.Debug|Any CPU.ActiveCfg = Debug|Any CPU
		{A049BB99-2A2A-4811-A7D5-2840F3CBB988}.Debug|Any CPU.Build.0 = Debug|Any CPU
		{A049BB99-2A2A-4811-A7D5-2840F3CBB988}.Release|Any CPU.ActiveCfg = Release|Any CPU
		{A049BB99-2A2A-4811-A7D5-2840F3CBB988}.Release|Any CPU.Build.0 = Release|Any CPU
	EndGlobalSection
	GlobalSection(SolutionProperties) = preSolution
		HideSolutionNode = FALSE
	EndGlobalSection
	GlobalSection(ExtensibilityGlobals) = postSolution
		SolutionGuid = {24FE34B1-0E1C-479E-91F4-BE55E1E13247}
	EndGlobalSection
EndGlobal
